// !$*UTF8*$!
{
	archiveVersion = 1;
	classes = {
	};
	objectVersion = 50;
	objects = {

/* Begin PBXBuildFile section */
		E8024FDF23B4792000DC035C /* LotteryTabBarViewController.m in Sources */ = {isa = PBXBuildFile; fileRef = E8024FDE23B4792000DC035C /* LotteryTabBarViewController.m */; };
		E8024FE323B4A1AA00DC035C /* MineViewController.m in Sources */ = {isa = PBXBuildFile; fileRef = E8024FE223B4A1AA00DC035C /* MineViewController.m */; };
		E8024FE823B4A2B000DC035C /* LotteryServiceViewController.m in Sources */ = {isa = PBXBuildFile; fileRef = E8024FE723B4A2B000DC035C /* LotteryServiceViewController.m */; };
		E8024FEB23B4A2C500DC035C /* HomePageViewController.m in Sources */ = {isa = PBXBuildFile; fileRef = E8024FEA23B4A2C500DC035C /* HomePageViewController.m */; };
		E81ECF6923C7843600647D0E /* res.json in Resources */ = {isa = PBXBuildFile; fileRef = E81ECF6823C7843500647D0E /* res.json */; };
		E81ECF6C23C7848100647D0E /* LottoryNewsModel.m in Sources */ = {isa = PBXBuildFile; fileRef = E81ECF6B23C7848100647D0E /* LottoryNewsModel.m */; };
		E81ECF7323C9A3A300647D0E /* WebViewController.m in Sources */ = {isa = PBXBuildFile; fileRef = E81ECF7223C9A3A300647D0E /* WebViewController.m */; };
		E81ECF7923CA26DC00647D0E /* UINavigationController+Cloudox.m in Sources */ = {isa = PBXBuildFile; fileRef = E81ECF7523CA26DB00647D0E /* UINavigationController+Cloudox.m */; };
		E81ECF7A23CA26DC00647D0E /* UIViewController+Cloudox.m in Sources */ = {isa = PBXBuildFile; fileRef = E81ECF7723CA26DB00647D0E /* UIViewController+Cloudox.m */; };
		E81ECF7F23CF5C7600647D0E /* UITableView+HYBCacheHeight.m in Sources */ = {isa = PBXBuildFile; fileRef = E81ECF7C23CF5C7500647D0E /* UITableView+HYBCacheHeight.m */; };
		E81ECF8023CF5C7600647D0E /* UITableViewCell+HYBMasonryAutoCellHeight.m in Sources */ = {isa = PBXBuildFile; fileRef = E81ECF7D23CF5C7600647D0E /* UITableViewCell+HYBMasonryAutoCellHeight.m */; };
		E81ECF8A23D2F6DF00647D0E /* NewsDownloadManager.m in Sources */ = {isa = PBXBuildFile; fileRef = E81ECF8923D2F6DF00647D0E /* NewsDownloadManager.m */; };
		E81ECF8D23D2F8C100647D0E /* HttpManager.m in Sources */ = {isa = PBXBuildFile; fileRef = E81ECF8C23D2F8C100647D0E /* HttpManager.m */; };
		E81ECF9023D2FA9C00647D0E /* LottoryDownloadManager.mm in Sources */ = {isa = PBXBuildFile; fileRef = E81ECF8F23D2FA9C00647D0E /* LottoryDownloadManager.mm */; };
		E84E5B2B23BF8802008D3C9A /* CalculatorViewController.m in Sources */ = {isa = PBXBuildFile; fileRef = E84E5B2A23BF8802008D3C9A /* CalculatorViewController.m */; };
		E84E5B4023C1C3AD008D3C9A /* LSVCLotteryWinningView.m in Sources */ = {isa = PBXBuildFile; fileRef = E84E5B3F23C1C3AD008D3C9A /* LSVCLotteryWinningView.m */; };
		E853DEDA23BF35C2004686BB /* UIImageView+AddImage.m in Sources */ = {isa = PBXBuildFile; fileRef = E853DED923BF35C2004686BB /* UIImageView+AddImage.m */; };
		E877B2B423B4C4D9003D13E5 /* BaseUIViewController.m in Sources */ = {isa = PBXBuildFile; fileRef = E877B2B323B4C4D9003D13E5 /* BaseUIViewController.m */; };
		E883BFA423FD53F000948334 /* AFNetworking.framework in Frameworks */ = {isa = PBXBuildFile; fileRef = E81ECF6D23C8BE0700647D0E /* AFNetworking.framework */; settings = {ATTRIBUTES = (Required, ); }; };
		E883BFA523FD53F000948334 /* AFNetworking.framework in Embed Frameworks */ = {isa = PBXBuildFile; fileRef = E81ECF6D23C8BE0700647D0E /* AFNetworking.framework */; settings = {ATTRIBUTES = (CodeSignOnCopy, RemoveHeadersOnCopy, ); }; };
		E883BFA723FD53F600948334 /* Masonry.framework in Frameworks */ = {isa = PBXBuildFile; fileRef = E8F5163C23B4710E005F3147 /* Masonry.framework */; settings = {ATTRIBUTES = (Required, ); }; };
		E883BFA823FD53F600948334 /* Masonry.framework in Embed Frameworks */ = {isa = PBXBuildFile; fileRef = E8F5163C23B4710E005F3147 /* Masonry.framework */; settings = {ATTRIBUTES = (CodeSignOnCopy, RemoveHeadersOnCopy, ); }; };
		E883BFA923FD53FE00948334 /* MJRefresh.framework in Frameworks */ = {isa = PBXBuildFile; fileRef = E8E206C323BDC3C30072A144 /* MJRefresh.framework */; settings = {ATTRIBUTES = (Required, ); }; };
		E883BFAA23FD53FE00948334 /* MJRefresh.framework in Embed Frameworks */ = {isa = PBXBuildFile; fileRef = E8E206C323BDC3C30072A144 /* MJRefresh.framework */; settings = {ATTRIBUTES = (CodeSignOnCopy, RemoveHeadersOnCopy, ); }; };
		E89F76FC23FFE22B00F83C05 /* LotteryRefreshHeaderView.m in Sources */ = {isa = PBXBuildFile; fileRef = E89F76FB23FFE22B00F83C05 /* LotteryRefreshHeaderView.m */; };
		E89F76FF23FFE31400F83C05 /* LotteryRefreshFooterView.m in Sources */ = {isa = PBXBuildFile; fileRef = E89F76FE23FFE31400F83C05 /* LotteryRefreshFooterView.m */; };
		E89F77022401097600F83C05 /* HomePageDownloadManager.m in Sources */ = {isa = PBXBuildFile; fileRef = E89F77012401097600F83C05 /* HomePageDownloadManager.m */; };
		E89F770424010D5C00F83C05 /* homePage.json in Resources */ = {isa = PBXBuildFile; fileRef = E89F770324010D5B00F83C05 /* homePage.json */; };
		E89F770A24011BCA00F83C05 /* LottoryBannerModel.m in Sources */ = {isa = PBXBuildFile; fileRef = E89F770924011BCA00F83C05 /* LottoryBannerModel.m */; };
		E89F770D24011BD700F83C05 /* LottoryConvenientServiceModel.m in Sources */ = {isa = PBXBuildFile; fileRef = E89F770C24011BD700F83C05 /* LottoryConvenientServiceModel.m */; };
		E8A6665523C1C68C009F3F32 /* LottoryWinningModel.mm in Sources */ = {isa = PBXBuildFile; fileRef = E8A6665423C1C68C009F3F32 /* LottoryWinningModel.mm */; };
		E8CF485823B3CFDD0081BE1F /* AppDelegate.m in Sources */ = {isa = PBXBuildFile; fileRef = E8CF485723B3CFDD0081BE1F /* AppDelegate.m */; };
		E8CF485B23B3CFDD0081BE1F /* SceneDelegate.m in Sources */ = {isa = PBXBuildFile; fileRef = E8CF485A23B3CFDD0081BE1F /* SceneDelegate.m */; };
		E8CF485E23B3CFDD0081BE1F /* ViewController.m in Sources */ = {isa = PBXBuildFile; fileRef = E8CF485D23B3CFDD0081BE1F /* ViewController.m */; };
		E8CF486123B3CFDD0081BE1F /* Main.storyboard in Resources */ = {isa = PBXBuildFile; fileRef = E8CF485F23B3CFDD0081BE1F /* Main.storyboard */; };
		E8CF486323B3CFDE0081BE1F /* Assets.xcassets in Resources */ = {isa = PBXBuildFile; fileRef = E8CF486223B3CFDE0081BE1F /* Assets.xcassets */; };
		E8CF486623B3CFDE0081BE1F /* LaunchScreen.storyboard in Resources */ = {isa = PBXBuildFile; fileRef = E8CF486423B3CFDE0081BE1F /* LaunchScreen.storyboard */; };
		E8CF486923B3CFDE0081BE1F /* main.m in Sources */ = {isa = PBXBuildFile; fileRef = E8CF486823B3CFDE0081BE1F /* main.m */; };
		E8CF487323B3CFDE0081BE1F /* LotteryTests.m in Sources */ = {isa = PBXBuildFile; fileRef = E8CF487223B3CFDE0081BE1F /* LotteryTests.m */; };
		E8CF487E23B3CFDE0081BE1F /* LotteryUITests.m in Sources */ = {isa = PBXBuildFile; fileRef = E8CF487D23B3CFDE0081BE1F /* LotteryUITests.m */; };
		E8E206CE23BDD5F90072A144 /* BaseCollectionViewCell.m in Sources */ = {isa = PBXBuildFile; fileRef = E8E206CD23BDD5F90072A144 /* BaseCollectionViewCell.m */; };
		E8E206D123BDE3410072A144 /* HPVCHeaderView.m in Sources */ = {isa = PBXBuildFile; fileRef = E8E206D023BDE3410072A144 /* HPVCHeaderView.m */; };
		E8E2070423BDEDCF0072A144 /* LotteryBannerView.m in Sources */ = {isa = PBXBuildFile; fileRef = E8E2070323BDEDCF0072A144 /* LotteryBannerView.m */; };
		E8E2070E23BE150A0072A144 /* UIView+Color.m in Sources */ = {isa = PBXBuildFile; fileRef = E8E2070D23BE150A0072A144 /* UIView+Color.m */; };
		E8E44A5123C1F5A900FDDC56 /* LotteryStationViewController.m in Sources */ = {isa = PBXBuildFile; fileRef = E8E44A5023C1F5A900FDDC56 /* LotteryStationViewController.m */; };
		E8E44A5423C1F5BD00FDDC56 /* TrendChartViewController.m in Sources */ = {isa = PBXBuildFile; fileRef = E8E44A5323C1F5BD00FDDC56 /* TrendChartViewController.m */; };
		E8E44A5723C1F5E800FDDC56 /* ImitationLotteryViewController.m in Sources */ = {isa = PBXBuildFile; fileRef = E8E44A5623C1F5E800FDDC56 /* ImitationLotteryViewController.m */; };
		E8E44A5A23C2248900FDDC56 /* LotteryPastPeriodViewController.m in Sources */ = {isa = PBXBuildFile; fileRef = E8E44A5923C2248900FDDC56 /* LotteryPastPeriodViewController.m */; };
		E8E44A5D23C225F100FDDC56 /* HPVCWinningListView.m in Sources */ = {isa = PBXBuildFile; fileRef = E8E44A5C23C225F100FDDC56 /* HPVCWinningListView.m */; };
		E8E44A6023C4F10300FDDC56 /* ProvinceListViewController.m in Sources */ = {isa = PBXBuildFile; fileRef = E8E44A5F23C4F10300FDDC56 /* ProvinceListViewController.m */; };
		E8E44A6323C600E800FDDC56 /* NewsViewController.m in Sources */ = {isa = PBXBuildFile; fileRef = E8E44A6223C600E700FDDC56 /* NewsViewController.m */; };
		E8E44A6623C6016600FDDC56 /* NewsCollectionViewCell.m in Sources */ = {isa = PBXBuildFile; fileRef = E8E44A6523C6016600FDDC56 /* NewsCollectionViewCell.m */; };
		E8E44A6923C61A5600FDDC56 /* HPVCNewsListView.m in Sources */ = {isa = PBXBuildFile; fileRef = E8E44A6823C61A5600FDDC56 /* HPVCNewsListView.m */; };
		E8E501E423BF6146009777E7 /* HPVCConvenientServiceView.m in Sources */ = {isa = PBXBuildFile; fileRef = E8E501E323BF6146009777E7 /* HPVCConvenientServiceView.m */; };
		E8FC025023BC5E1900CB1FCA /* LotteryNavigationController.m in Sources */ = {isa = PBXBuildFile; fileRef = E8FC024F23BC5E1900CB1FCA /* LotteryNavigationController.m */; };
		E8FC025D23BC769900CB1FCA /* GamesViewController.m in Sources */ = {isa = PBXBuildFile; fileRef = E8FC025C23BC769900CB1FCA /* GamesViewController.m */; };
/* End PBXBuildFile section */

/* Begin PBXContainerItemProxy section */
		E8CF486F23B3CFDE0081BE1F /* PBXContainerItemProxy */ = {
			isa = PBXContainerItemProxy;
			containerPortal = E8CF484B23B3CFDD0081BE1F /* Project object */;
			proxyType = 1;
			remoteGlobalIDString = E8CF485223B3CFDD0081BE1F;
			remoteInfo = Lottery;
		};
		E8CF487A23B3CFDE0081BE1F /* PBXContainerItemProxy */ = {
			isa = PBXContainerItemProxy;
			containerPortal = E8CF484B23B3CFDD0081BE1F /* Project object */;
			proxyType = 1;
			remoteGlobalIDString = E8CF485223B3CFDD0081BE1F;
			remoteInfo = Lottery;
		};
/* End PBXContainerItemProxy section */

/* Begin PBXCopyFilesBuildPhase section */
		E883BFA623FD53F000948334 /* Embed Frameworks */ = {
			isa = PBXCopyFilesBuildPhase;
			buildActionMask = 8;
			dstPath = "";
			dstSubfolderSpec = 10;
			files = (
				E883BFA823FD53F600948334 /* Masonry.framework in Embed Frameworks */,
				E883BFAA23FD53FE00948334 /* MJRefresh.framework in Embed Frameworks */,
				E883BFA523FD53F000948334 /* AFNetworking.framework in Embed Frameworks */,
			);
			name = "Embed Frameworks";
			runOnlyForDeploymentPostprocessing = 1;
		};
/* End PBXCopyFilesBuildPhase section */

/* Begin PBXFileReference section */
		E8024FDD23B4792000DC035C /* LotteryTabBarViewController.h */ = {isa = PBXFileReference; lastKnownFileType = sourcecode.c.h; path = LotteryTabBarViewController.h; sourceTree = "<group>"; };
		E8024FDE23B4792000DC035C /* LotteryTabBarViewController.m */ = {isa = PBXFileReference; lastKnownFileType = sourcecode.c.objc; path = LotteryTabBarViewController.m; sourceTree = "<group>"; };
		E8024FE123B4A1AA00DC035C /* MineViewController.h */ = {isa = PBXFileReference; lastKnownFileType = sourcecode.c.h; path = MineViewController.h; sourceTree = "<group>"; };
		E8024FE223B4A1AA00DC035C /* MineViewController.m */ = {isa = PBXFileReference; lastKnownFileType = sourcecode.c.objc; path = MineViewController.m; sourceTree = "<group>"; };
		E8024FE623B4A2B000DC035C /* LotteryServiceViewController.h */ = {isa = PBXFileReference; lastKnownFileType = sourcecode.c.h; path = LotteryServiceViewController.h; sourceTree = "<group>"; };
		E8024FE723B4A2B000DC035C /* LotteryServiceViewController.m */ = {isa = PBXFileReference; lastKnownFileType = sourcecode.c.objc; path = LotteryServiceViewController.m; sourceTree = "<group>"; };
		E8024FE923B4A2C500DC035C /* HomePageViewController.h */ = {isa = PBXFileReference; lastKnownFileType = sourcecode.c.h; path = HomePageViewController.h; sourceTree = "<group>"; };
		E8024FEA23B4A2C500DC035C /* HomePageViewController.m */ = {isa = PBXFileReference; lastKnownFileType = sourcecode.c.objc; path = HomePageViewController.m; sourceTree = "<group>"; };
		E81ECF6823C7843500647D0E /* res.json */ = {isa = PBXFileReference; fileEncoding = 4; lastKnownFileType = text.json; path = res.json; sourceTree = "<group>"; };
		E81ECF6A23C7848100647D0E /* LottoryNewsModel.h */ = {isa = PBXFileReference; lastKnownFileType = sourcecode.c.h; path = LottoryNewsModel.h; sourceTree = "<group>"; };
		E81ECF6B23C7848100647D0E /* LottoryNewsModel.m */ = {isa = PBXFileReference; lastKnownFileType = sourcecode.c.objc; path = LottoryNewsModel.m; sourceTree = "<group>"; };
		E81ECF6D23C8BE0700647D0E /* AFNetworking.framework */ = {isa = PBXFileReference; explicitFileType = wrapper.framework; path = AFNetworking.framework; sourceTree = BUILT_PRODUCTS_DIR; };
		E81ECF7123C9A3A300647D0E /* WebViewController.h */ = {isa = PBXFileReference; lastKnownFileType = sourcecode.c.h; path = WebViewController.h; sourceTree = "<group>"; };
		E81ECF7223C9A3A300647D0E /* WebViewController.m */ = {isa = PBXFileReference; lastKnownFileType = sourcecode.c.objc; path = WebViewController.m; sourceTree = "<group>"; };
		E81ECF7523CA26DB00647D0E /* UINavigationController+Cloudox.m */ = {isa = PBXFileReference; fileEncoding = 4; lastKnownFileType = sourcecode.c.objc; path = "UINavigationController+Cloudox.m"; sourceTree = "<group>"; };
		E81ECF7623CA26DB00647D0E /* UIViewController+Cloudox.h */ = {isa = PBXFileReference; fileEncoding = 4; lastKnownFileType = sourcecode.c.h; path = "UIViewController+Cloudox.h"; sourceTree = "<group>"; };
		E81ECF7723CA26DB00647D0E /* UIViewController+Cloudox.m */ = {isa = PBXFileReference; fileEncoding = 4; lastKnownFileType = sourcecode.c.objc; path = "UIViewController+Cloudox.m"; sourceTree = "<group>"; };
		E81ECF7823CA26DB00647D0E /* UINavigationController+Cloudox.h */ = {isa = PBXFileReference; fileEncoding = 4; lastKnownFileType = sourcecode.c.h; path = "UINavigationController+Cloudox.h"; sourceTree = "<group>"; };
		E81ECF7B23CF5C7500647D0E /* UITableView+HYBCacheHeight.h */ = {isa = PBXFileReference; fileEncoding = 4; lastKnownFileType = sourcecode.c.h; path = "UITableView+HYBCacheHeight.h"; sourceTree = "<group>"; };
		E81ECF7C23CF5C7500647D0E /* UITableView+HYBCacheHeight.m */ = {isa = PBXFileReference; fileEncoding = 4; lastKnownFileType = sourcecode.c.objc; path = "UITableView+HYBCacheHeight.m"; sourceTree = "<group>"; };
		E81ECF7D23CF5C7600647D0E /* UITableViewCell+HYBMasonryAutoCellHeight.m */ = {isa = PBXFileReference; fileEncoding = 4; lastKnownFileType = sourcecode.c.objc; path = "UITableViewCell+HYBMasonryAutoCellHeight.m"; sourceTree = "<group>"; };
		E81ECF7E23CF5C7600647D0E /* UITableViewCell+HYBMasonryAutoCellHeight.h */ = {isa = PBXFileReference; fileEncoding = 4; lastKnownFileType = sourcecode.c.h; path = "UITableViewCell+HYBMasonryAutoCellHeight.h"; sourceTree = "<group>"; };
		E81ECF8823D2F6DF00647D0E /* NewsDownloadManager.h */ = {isa = PBXFileReference; lastKnownFileType = sourcecode.c.h; path = NewsDownloadManager.h; sourceTree = "<group>"; };
		E81ECF8923D2F6DF00647D0E /* NewsDownloadManager.m */ = {isa = PBXFileReference; lastKnownFileType = sourcecode.c.objc; path = NewsDownloadManager.m; sourceTree = "<group>"; };
		E81ECF8B23D2F8C100647D0E /* HttpManager.h */ = {isa = PBXFileReference; lastKnownFileType = sourcecode.c.h; path = HttpManager.h; sourceTree = "<group>"; };
		E81ECF8C23D2F8C100647D0E /* HttpManager.m */ = {isa = PBXFileReference; lastKnownFileType = sourcecode.c.objc; path = HttpManager.m; sourceTree = "<group>"; };
		E81ECF8E23D2FA9C00647D0E /* LottoryDownloadManager.h */ = {isa = PBXFileReference; lastKnownFileType = sourcecode.c.h; path = LottoryDownloadManager.h; sourceTree = "<group>"; };
		E81ECF8F23D2FA9C00647D0E /* LottoryDownloadManager.mm */ = {isa = PBXFileReference; lastKnownFileType = sourcecode.cpp.objcpp; path = LottoryDownloadManager.mm; sourceTree = "<group>"; };
		E84E5B2923BF8802008D3C9A /* CalculatorViewController.h */ = {isa = PBXFileReference; lastKnownFileType = sourcecode.c.h; path = CalculatorViewController.h; sourceTree = "<group>"; };
		E84E5B2A23BF8802008D3C9A /* CalculatorViewController.m */ = {isa = PBXFileReference; lastKnownFileType = sourcecode.c.objc; path = CalculatorViewController.m; sourceTree = "<group>"; };
		E84E5B3E23C1C3AD008D3C9A /* LSVCLotteryWinningView.h */ = {isa = PBXFileReference; lastKnownFileType = sourcecode.c.h; path = LSVCLotteryWinningView.h; sourceTree = "<group>"; };
		E84E5B3F23C1C3AD008D3C9A /* LSVCLotteryWinningView.m */ = {isa = PBXFileReference; lastKnownFileType = sourcecode.c.objc; path = LSVCLotteryWinningView.m; sourceTree = "<group>"; };
		E853DED823BF35C2004686BB /* UIImageView+AddImage.h */ = {isa = PBXFileReference; lastKnownFileType = sourcecode.c.h; path = "UIImageView+AddImage.h"; sourceTree = "<group>"; };
		E853DED923BF35C2004686BB /* UIImageView+AddImage.m */ = {isa = PBXFileReference; lastKnownFileType = sourcecode.c.objc; path = "UIImageView+AddImage.m"; sourceTree = "<group>"; };
		E877B2B223B4C4D9003D13E5 /* BaseUIViewController.h */ = {isa = PBXFileReference; lastKnownFileType = sourcecode.c.h; path = BaseUIViewController.h; sourceTree = "<group>"; };
		E877B2B323B4C4D9003D13E5 /* BaseUIViewController.m */ = {isa = PBXFileReference; lastKnownFileType = sourcecode.c.objc; path = BaseUIViewController.m; sourceTree = "<group>"; };
		E89F76FA23FFE22B00F83C05 /* LotteryRefreshHeaderView.h */ = {isa = PBXFileReference; lastKnownFileType = sourcecode.c.h; path = LotteryRefreshHeaderView.h; sourceTree = "<group>"; };
		E89F76FB23FFE22B00F83C05 /* LotteryRefreshHeaderView.m */ = {isa = PBXFileReference; lastKnownFileType = sourcecode.c.objc; path = LotteryRefreshHeaderView.m; sourceTree = "<group>"; };
		E89F76FD23FFE31400F83C05 /* LotteryRefreshFooterView.h */ = {isa = PBXFileReference; lastKnownFileType = sourcecode.c.h; path = LotteryRefreshFooterView.h; sourceTree = "<group>"; };
		E89F76FE23FFE31400F83C05 /* LotteryRefreshFooterView.m */ = {isa = PBXFileReference; lastKnownFileType = sourcecode.c.objc; path = LotteryRefreshFooterView.m; sourceTree = "<group>"; };
		E89F77002401097600F83C05 /* HomePageDownloadManager.h */ = {isa = PBXFileReference; lastKnownFileType = sourcecode.c.h; path = HomePageDownloadManager.h; sourceTree = "<group>"; };
		E89F77012401097600F83C05 /* HomePageDownloadManager.m */ = {isa = PBXFileReference; lastKnownFileType = sourcecode.c.objc; path = HomePageDownloadManager.m; sourceTree = "<group>"; };
		E89F770324010D5B00F83C05 /* homePage.json */ = {isa = PBXFileReference; fileEncoding = 4; lastKnownFileType = text.json; path = homePage.json; sourceTree = "<group>"; };
		E89F770824011BCA00F83C05 /* LottoryBannerModel.h */ = {isa = PBXFileReference; lastKnownFileType = sourcecode.c.h; path = LottoryBannerModel.h; sourceTree = "<group>"; };
		E89F770924011BCA00F83C05 /* LottoryBannerModel.m */ = {isa = PBXFileReference; lastKnownFileType = sourcecode.c.objc; path = LottoryBannerModel.m; sourceTree = "<group>"; };
		E89F770B24011BD700F83C05 /* LottoryConvenientServiceModel.h */ = {isa = PBXFileReference; lastKnownFileType = sourcecode.c.h; path = LottoryConvenientServiceModel.h; sourceTree = "<group>"; };
		E89F770C24011BD700F83C05 /* LottoryConvenientServiceModel.m */ = {isa = PBXFileReference; lastKnownFileType = sourcecode.c.objc; path = LottoryConvenientServiceModel.m; sourceTree = "<group>"; };
		E8A6665323C1C68C009F3F32 /* LottoryWinningModel.h */ = {isa = PBXFileReference; lastKnownFileType = sourcecode.c.h; path = LottoryWinningModel.h; sourceTree = "<group>"; };
		E8A6665423C1C68C009F3F32 /* LottoryWinningModel.mm */ = {isa = PBXFileReference; lastKnownFileType = sourcecode.cpp.objcpp; path = LottoryWinningModel.mm; sourceTree = "<group>"; };
		E8CF485323B3CFDD0081BE1F /* 欢乐彩票.app */ = {isa = PBXFileReference; explicitFileType = wrapper.application; includeInIndex = 0; path = "欢乐彩票.app"; sourceTree = BUILT_PRODUCTS_DIR; };
		E8CF485623B3CFDD0081BE1F /* AppDelegate.h */ = {isa = PBXFileReference; lastKnownFileType = sourcecode.c.h; path = AppDelegate.h; sourceTree = "<group>"; };
		E8CF485723B3CFDD0081BE1F /* AppDelegate.m */ = {isa = PBXFileReference; lastKnownFileType = sourcecode.c.objc; path = AppDelegate.m; sourceTree = "<group>"; };
		E8CF485923B3CFDD0081BE1F /* SceneDelegate.h */ = {isa = PBXFileReference; lastKnownFileType = sourcecode.c.h; path = SceneDelegate.h; sourceTree = "<group>"; };
		E8CF485A23B3CFDD0081BE1F /* SceneDelegate.m */ = {isa = PBXFileReference; lastKnownFileType = sourcecode.c.objc; path = SceneDelegate.m; sourceTree = "<group>"; };
		E8CF485C23B3CFDD0081BE1F /* ViewController.h */ = {isa = PBXFileReference; lastKnownFileType = sourcecode.c.h; path = ViewController.h; sourceTree = "<group>"; };
		E8CF485D23B3CFDD0081BE1F /* ViewController.m */ = {isa = PBXFileReference; lastKnownFileType = sourcecode.c.objc; path = ViewController.m; sourceTree = "<group>"; };
		E8CF486023B3CFDD0081BE1F /* Base */ = {isa = PBXFileReference; lastKnownFileType = file.storyboard; name = Base; path = Base.lproj/Main.storyboard; sourceTree = "<group>"; };
		E8CF486223B3CFDE0081BE1F /* Assets.xcassets */ = {isa = PBXFileReference; lastKnownFileType = folder.assetcatalog; path = Assets.xcassets; sourceTree = "<group>"; };
		E8CF486523B3CFDE0081BE1F /* Base */ = {isa = PBXFileReference; lastKnownFileType = file.storyboard; name = Base; path = Base.lproj/LaunchScreen.storyboard; sourceTree = "<group>"; };
		E8CF486723B3CFDE0081BE1F /* Info.plist */ = {isa = PBXFileReference; lastKnownFileType = text.plist.xml; path = Info.plist; sourceTree = "<group>"; };
		E8CF486823B3CFDE0081BE1F /* main.m */ = {isa = PBXFileReference; lastKnownFileType = sourcecode.c.objc; path = main.m; sourceTree = "<group>"; };
		E8CF486E23B3CFDE0081BE1F /* LotteryTests.xctest */ = {isa = PBXFileReference; explicitFileType = wrapper.cfbundle; includeInIndex = 0; path = LotteryTests.xctest; sourceTree = BUILT_PRODUCTS_DIR; };
		E8CF487223B3CFDE0081BE1F /* LotteryTests.m */ = {isa = PBXFileReference; lastKnownFileType = sourcecode.c.objc; path = LotteryTests.m; sourceTree = "<group>"; };
		E8CF487423B3CFDE0081BE1F /* Info.plist */ = {isa = PBXFileReference; lastKnownFileType = text.plist.xml; path = Info.plist; sourceTree = "<group>"; };
		E8CF487923B3CFDE0081BE1F /* LotteryUITests.xctest */ = {isa = PBXFileReference; explicitFileType = wrapper.cfbundle; includeInIndex = 0; path = LotteryUITests.xctest; sourceTree = BUILT_PRODUCTS_DIR; };
		E8CF487D23B3CFDE0081BE1F /* LotteryUITests.m */ = {isa = PBXFileReference; lastKnownFileType = sourcecode.c.objc; path = LotteryUITests.m; sourceTree = "<group>"; };
		E8CF487F23B3CFDE0081BE1F /* Info.plist */ = {isa = PBXFileReference; lastKnownFileType = text.plist.xml; path = Info.plist; sourceTree = "<group>"; };
		E8E206C323BDC3C30072A144 /* MJRefresh.framework */ = {isa = PBXFileReference; explicitFileType = wrapper.framework; path = MJRefresh.framework; sourceTree = BUILT_PRODUCTS_DIR; };
		E8E206C623BDC3F60072A144 /* MJRefresh.framework */ = {isa = PBXFileReference; explicitFileType = wrapper.framework; path = MJRefresh.framework; sourceTree = BUILT_PRODUCTS_DIR; };
		E8E206CC23BDD5F90072A144 /* BaseCollectionViewCell.h */ = {isa = PBXFileReference; lastKnownFileType = sourcecode.c.h; path = BaseCollectionViewCell.h; sourceTree = "<group>"; };
		E8E206CD23BDD5F90072A144 /* BaseCollectionViewCell.m */ = {isa = PBXFileReference; lastKnownFileType = sourcecode.c.objc; path = BaseCollectionViewCell.m; sourceTree = "<group>"; };
		E8E206CF23BDE3410072A144 /* HPVCHeaderView.h */ = {isa = PBXFileReference; lastKnownFileType = sourcecode.c.h; path = HPVCHeaderView.h; sourceTree = "<group>"; };
		E8E206D023BDE3410072A144 /* HPVCHeaderView.m */ = {isa = PBXFileReference; lastKnownFileType = sourcecode.c.objc; path = HPVCHeaderView.m; sourceTree = "<group>"; };
		E8E2070223BDEDCF0072A144 /* LotteryBannerView.h */ = {isa = PBXFileReference; fileEncoding = 4; lastKnownFileType = sourcecode.c.h; path = LotteryBannerView.h; sourceTree = "<group>"; };
		E8E2070323BDEDCF0072A144 /* LotteryBannerView.m */ = {isa = PBXFileReference; fileEncoding = 4; lastKnownFileType = sourcecode.c.objc; path = LotteryBannerView.m; sourceTree = "<group>"; };
		E8E2070C23BE150A0072A144 /* UIView+Color.h */ = {isa = PBXFileReference; lastKnownFileType = sourcecode.c.h; path = "UIView+Color.h"; sourceTree = "<group>"; };
		E8E2070D23BE150A0072A144 /* UIView+Color.m */ = {isa = PBXFileReference; lastKnownFileType = sourcecode.c.objc; path = "UIView+Color.m"; sourceTree = "<group>"; };
		E8E44A4F23C1F5A900FDDC56 /* LotteryStationViewController.h */ = {isa = PBXFileReference; lastKnownFileType = sourcecode.c.h; path = LotteryStationViewController.h; sourceTree = "<group>"; };
		E8E44A5023C1F5A900FDDC56 /* LotteryStationViewController.m */ = {isa = PBXFileReference; lastKnownFileType = sourcecode.c.objc; path = LotteryStationViewController.m; sourceTree = "<group>"; };
		E8E44A5223C1F5BD00FDDC56 /* TrendChartViewController.h */ = {isa = PBXFileReference; lastKnownFileType = sourcecode.c.h; path = TrendChartViewController.h; sourceTree = "<group>"; };
		E8E44A5323C1F5BD00FDDC56 /* TrendChartViewController.m */ = {isa = PBXFileReference; lastKnownFileType = sourcecode.c.objc; path = TrendChartViewController.m; sourceTree = "<group>"; };
		E8E44A5523C1F5E800FDDC56 /* ImitationLotteryViewController.h */ = {isa = PBXFileReference; lastKnownFileType = sourcecode.c.h; path = ImitationLotteryViewController.h; sourceTree = "<group>"; };
		E8E44A5623C1F5E800FDDC56 /* ImitationLotteryViewController.m */ = {isa = PBXFileReference; lastKnownFileType = sourcecode.c.objc; path = ImitationLotteryViewController.m; sourceTree = "<group>"; };
		E8E44A5823C2248900FDDC56 /* LotteryPastPeriodViewController.h */ = {isa = PBXFileReference; lastKnownFileType = sourcecode.c.h; path = LotteryPastPeriodViewController.h; sourceTree = "<group>"; };
		E8E44A5923C2248900FDDC56 /* LotteryPastPeriodViewController.m */ = {isa = PBXFileReference; lastKnownFileType = sourcecode.c.objc; path = LotteryPastPeriodViewController.m; sourceTree = "<group>"; };
		E8E44A5B23C225F100FDDC56 /* HPVCWinningListView.h */ = {isa = PBXFileReference; lastKnownFileType = sourcecode.c.h; path = HPVCWinningListView.h; sourceTree = "<group>"; };
		E8E44A5C23C225F100FDDC56 /* HPVCWinningListView.m */ = {isa = PBXFileReference; lastKnownFileType = sourcecode.c.objc; path = HPVCWinningListView.m; sourceTree = "<group>"; };
		E8E44A5E23C4F10300FDDC56 /* ProvinceListViewController.h */ = {isa = PBXFileReference; lastKnownFileType = sourcecode.c.h; path = ProvinceListViewController.h; sourceTree = "<group>"; };
		E8E44A5F23C4F10300FDDC56 /* ProvinceListViewController.m */ = {isa = PBXFileReference; lastKnownFileType = sourcecode.c.objc; path = ProvinceListViewController.m; sourceTree = "<group>"; };
		E8E44A6123C600E700FDDC56 /* NewsViewController.h */ = {isa = PBXFileReference; lastKnownFileType = sourcecode.c.h; path = NewsViewController.h; sourceTree = "<group>"; };
		E8E44A6223C600E700FDDC56 /* NewsViewController.m */ = {isa = PBXFileReference; lastKnownFileType = sourcecode.c.objc; path = NewsViewController.m; sourceTree = "<group>"; };
		E8E44A6423C6016600FDDC56 /* NewsCollectionViewCell.h */ = {isa = PBXFileReference; lastKnownFileType = sourcecode.c.h; path = NewsCollectionViewCell.h; sourceTree = "<group>"; };
		E8E44A6523C6016600FDDC56 /* NewsCollectionViewCell.m */ = {isa = PBXFileReference; lastKnownFileType = sourcecode.c.objc; path = NewsCollectionViewCell.m; sourceTree = "<group>"; };
		E8E44A6723C61A5600FDDC56 /* HPVCNewsListView.h */ = {isa = PBXFileReference; lastKnownFileType = sourcecode.c.h; path = HPVCNewsListView.h; sourceTree = "<group>"; };
		E8E44A6823C61A5600FDDC56 /* HPVCNewsListView.m */ = {isa = PBXFileReference; lastKnownFileType = sourcecode.c.objc; path = HPVCNewsListView.m; sourceTree = "<group>"; };
		E8E501E223BF6146009777E7 /* HPVCConvenientServiceView.h */ = {isa = PBXFileReference; lastKnownFileType = sourcecode.c.h; path = HPVCConvenientServiceView.h; sourceTree = "<group>"; };
		E8E501E323BF6146009777E7 /* HPVCConvenientServiceView.m */ = {isa = PBXFileReference; lastKnownFileType = sourcecode.c.objc; path = HPVCConvenientServiceView.m; sourceTree = "<group>"; };
		E8F5163C23B4710E005F3147 /* Masonry.framework */ = {isa = PBXFileReference; explicitFileType = wrapper.framework; path = Masonry.framework; sourceTree = BUILT_PRODUCTS_DIR; };
		E8FC024E23BC5E1900CB1FCA /* LotteryNavigationController.h */ = {isa = PBXFileReference; lastKnownFileType = sourcecode.c.h; path = LotteryNavigationController.h; sourceTree = "<group>"; };
		E8FC024F23BC5E1900CB1FCA /* LotteryNavigationController.m */ = {isa = PBXFileReference; lastKnownFileType = sourcecode.c.objc; path = LotteryNavigationController.m; sourceTree = "<group>"; };
		E8FC025B23BC769900CB1FCA /* GamesViewController.h */ = {isa = PBXFileReference; lastKnownFileType = sourcecode.c.h; path = GamesViewController.h; sourceTree = "<group>"; };
		E8FC025C23BC769900CB1FCA /* GamesViewController.m */ = {isa = PBXFileReference; lastKnownFileType = sourcecode.c.objc; path = GamesViewController.m; sourceTree = "<group>"; };
		E8FC027823BCF38900CB1FCA /* GlobalDefines.h */ = {isa = PBXFileReference; lastKnownFileType = sourcecode.c.h; path = GlobalDefines.h; sourceTree = "<group>"; };
/* End PBXFileReference section */

/* Begin PBXFrameworksBuildPhase section */
		E8CF485023B3CFDD0081BE1F /* Frameworks */ = {
			isa = PBXFrameworksBuildPhase;
			buildActionMask = 2147483647;
			files = (
				E883BFA723FD53F600948334 /* Masonry.framework in Frameworks */,
				E883BFA923FD53FE00948334 /* MJRefresh.framework in Frameworks */,
				E883BFA423FD53F000948334 /* AFNetworking.framework in Frameworks */,
			);
			runOnlyForDeploymentPostprocessing = 0;
		};
		E8CF486B23B3CFDE0081BE1F /* Frameworks */ = {
			isa = PBXFrameworksBuildPhase;
			buildActionMask = 2147483647;
			files = (
			);
			runOnlyForDeploymentPostprocessing = 0;
		};
		E8CF487623B3CFDE0081BE1F /* Frameworks */ = {
			isa = PBXFrameworksBuildPhase;
			buildActionMask = 2147483647;
			files = (
			);
			runOnlyForDeploymentPostprocessing = 0;
		};
/* End PBXFrameworksBuildPhase section */

/* Begin PBXGroup section */
		E8024FDC23B4789F00DC035C /* LotteryTabBarVC */ = {
			isa = PBXGroup;
			children = (
				E8024FDD23B4792000DC035C /* LotteryTabBarViewController.h */,
				E8024FDE23B4792000DC035C /* LotteryTabBarViewController.m */,
			);
			path = LotteryTabBarVC;
			sourceTree = "<group>";
		};
		E8024FE023B4A15E00DC035C /* MineViewController */ = {
			isa = PBXGroup;
			children = (
				E8024FE123B4A1AA00DC035C /* MineViewController.h */,
				E8024FE223B4A1AA00DC035C /* MineViewController.m */,
			);
			path = MineViewController;
			sourceTree = "<group>";
		};
		E8024FE423B4A1C700DC035C /* HomePageViewController */ = {
			isa = PBXGroup;
			children = (
				E84E5B4123C1C56C008D3C9A /* Model */,
				E84E5B3D23C1C32C008D3C9A /* Views */,
				E8024FE923B4A2C500DC035C /* HomePageViewController.h */,
				E8024FEA23B4A2C500DC035C /* HomePageViewController.m */,
			);
			path = HomePageViewController;
			sourceTree = "<group>";
		};
		E8024FE523B4A1E000DC035C /* LotteryServiceViewController */ = {
			isa = PBXGroup;
			children = (
				E8A6665F23C1EAEA009F3F32 /* model */,
				E8A6665E23C1EA1D009F3F32 /* views */,
				E8024FE623B4A2B000DC035C /* LotteryServiceViewController.h */,
				E8024FE723B4A2B000DC035C /* LotteryServiceViewController.m */,
				E8E44A5823C2248900FDDC56 /* LotteryPastPeriodViewController.h */,
				E8E44A5923C2248900FDDC56 /* LotteryPastPeriodViewController.m */,
			);
			path = LotteryServiceViewController;
			sourceTree = "<group>";
		};
		E81ECF7423C9A3BD00647D0E /* views */ = {
			isa = PBXGroup;
			children = (
				E8E44A6423C6016600FDDC56 /* NewsCollectionViewCell.h */,
				E8E44A6523C6016600FDDC56 /* NewsCollectionViewCell.m */,
			);
			path = views;
			sourceTree = "<group>";
		};
		E81ECF8723D2F64400647D0E /* DownloadManager */ = {
			isa = PBXGroup;
			children = (
				E81ECF8B23D2F8C100647D0E /* HttpManager.h */,
				E81ECF8C23D2F8C100647D0E /* HttpManager.m */,
				E89F77002401097600F83C05 /* HomePageDownloadManager.h */,
				E89F77012401097600F83C05 /* HomePageDownloadManager.m */,
				E81ECF8823D2F6DF00647D0E /* NewsDownloadManager.h */,
				E81ECF8923D2F6DF00647D0E /* NewsDownloadManager.m */,
				E81ECF8E23D2FA9C00647D0E /* LottoryDownloadManager.h */,
				E81ECF8F23D2FA9C00647D0E /* LottoryDownloadManager.mm */,
			);
			path = DownloadManager;
			sourceTree = "<group>";
		};
		E84E5B2C23BF8810008D3C9A /* CommunalViewController */ = {
			isa = PBXGroup;
			children = (
				E81ECF7423C9A3BD00647D0E /* views */,
				E84E5B2923BF8802008D3C9A /* CalculatorViewController.h */,
				E84E5B2A23BF8802008D3C9A /* CalculatorViewController.m */,
				E8E44A4F23C1F5A900FDDC56 /* LotteryStationViewController.h */,
				E8E44A5023C1F5A900FDDC56 /* LotteryStationViewController.m */,
				E8E44A5223C1F5BD00FDDC56 /* TrendChartViewController.h */,
				E8E44A5323C1F5BD00FDDC56 /* TrendChartViewController.m */,
				E8E44A5523C1F5E800FDDC56 /* ImitationLotteryViewController.h */,
				E8E44A5623C1F5E800FDDC56 /* ImitationLotteryViewController.m */,
				E8E44A5E23C4F10300FDDC56 /* ProvinceListViewController.h */,
				E8E44A5F23C4F10300FDDC56 /* ProvinceListViewController.m */,
				E8E44A6123C600E700FDDC56 /* NewsViewController.h */,
				E8E44A6223C600E700FDDC56 /* NewsViewController.m */,
				E81ECF7123C9A3A300647D0E /* WebViewController.h */,
				E81ECF7223C9A3A300647D0E /* WebViewController.m */,
			);
			path = CommunalViewController;
			sourceTree = "<group>";
		};
		E84E5B3D23C1C32C008D3C9A /* Views */ = {
			isa = PBXGroup;
			children = (
				E8E206CF23BDE3410072A144 /* HPVCHeaderView.h */,
				E8E206D023BDE3410072A144 /* HPVCHeaderView.m */,
				E8E501E223BF6146009777E7 /* HPVCConvenientServiceView.h */,
				E8E501E323BF6146009777E7 /* HPVCConvenientServiceView.m */,
				E8E44A5B23C225F100FDDC56 /* HPVCWinningListView.h */,
				E8E44A5C23C225F100FDDC56 /* HPVCWinningListView.m */,
				E8E44A6723C61A5600FDDC56 /* HPVCNewsListView.h */,
				E8E44A6823C61A5600FDDC56 /* HPVCNewsListView.m */,
			);
			path = Views;
			sourceTree = "<group>";
		};
		E84E5B4123C1C56C008D3C9A /* Model */ = {
			isa = PBXGroup;
			children = (
				E89F770824011BCA00F83C05 /* LottoryBannerModel.h */,
				E89F770924011BCA00F83C05 /* LottoryBannerModel.m */,
				E89F770B24011BD700F83C05 /* LottoryConvenientServiceModel.h */,
				E89F770C24011BD700F83C05 /* LottoryConvenientServiceModel.m */,
			);
			path = Model;
			sourceTree = "<group>";
		};
		E877B2AE23B4C2AB003D13E5 /* ViewController */ = {
			isa = PBXGroup;
			children = (
				E8E206CC23BDD5F90072A144 /* BaseCollectionViewCell.h */,
				E8E206CD23BDD5F90072A144 /* BaseCollectionViewCell.m */,
				E877B2B223B4C4D9003D13E5 /* BaseUIViewController.h */,
				E877B2B323B4C4D9003D13E5 /* BaseUIViewController.m */,
			);
			path = ViewController;
			sourceTree = "<group>";
		};
		E89F76F923FFE1CD00F83C05 /* Category */ = {
			isa = PBXGroup;
			children = (
				E81ECF7B23CF5C7500647D0E /* UITableView+HYBCacheHeight.h */,
				E81ECF7C23CF5C7500647D0E /* UITableView+HYBCacheHeight.m */,
				E81ECF7E23CF5C7600647D0E /* UITableViewCell+HYBMasonryAutoCellHeight.h */,
				E81ECF7D23CF5C7600647D0E /* UITableViewCell+HYBMasonryAutoCellHeight.m */,
				E8E2070C23BE150A0072A144 /* UIView+Color.h */,
				E8E2070D23BE150A0072A144 /* UIView+Color.m */,
				E853DED823BF35C2004686BB /* UIImageView+AddImage.h */,
				E853DED923BF35C2004686BB /* UIImageView+AddImage.m */,
				E81ECF7823CA26DB00647D0E /* UINavigationController+Cloudox.h */,
				E81ECF7523CA26DB00647D0E /* UINavigationController+Cloudox.m */,
				E81ECF7623CA26DB00647D0E /* UIViewController+Cloudox.h */,
				E81ECF7723CA26DB00647D0E /* UIViewController+Cloudox.m */,
			);
			path = Category;
			sourceTree = "<group>";
		};
		E8A6665E23C1EA1D009F3F32 /* views */ = {
			isa = PBXGroup;
			children = (
				E84E5B3E23C1C3AD008D3C9A /* LSVCLotteryWinningView.h */,
				E84E5B3F23C1C3AD008D3C9A /* LSVCLotteryWinningView.m */,
			);
			path = views;
			sourceTree = "<group>";
		};
		E8A6665F23C1EAEA009F3F32 /* model */ = {
			isa = PBXGroup;
			children = (
				E8A6665323C1C68C009F3F32 /* LottoryWinningModel.h */,
				E8A6665423C1C68C009F3F32 /* LottoryWinningModel.mm */,
				E81ECF6A23C7848100647D0E /* LottoryNewsModel.h */,
				E81ECF6B23C7848100647D0E /* LottoryNewsModel.m */,
			);
			path = model;
			sourceTree = "<group>";
		};
		E8CF484A23B3CFDD0081BE1F = {
			isa = PBXGroup;
			children = (
				E8CF485523B3CFDD0081BE1F /* Lottery */,
				E8CF487123B3CFDE0081BE1F /* LotteryTests */,
				E8CF487C23B3CFDE0081BE1F /* LotteryUITests */,
				E8CF485423B3CFDD0081BE1F /* Products */,
				E8F5163B23B4710E005F3147 /* Frameworks */,
			);
			sourceTree = "<group>";
		};
		E8CF485423B3CFDD0081BE1F /* Products */ = {
			isa = PBXGroup;
			children = (
				E8CF485323B3CFDD0081BE1F /* 欢乐彩票.app */,
				E8CF486E23B3CFDE0081BE1F /* LotteryTests.xctest */,
				E8CF487923B3CFDE0081BE1F /* LotteryUITests.xctest */,
			);
			name = Products;
			sourceTree = "<group>";
		};
		E8CF485523B3CFDD0081BE1F /* Lottery */ = {
			isa = PBXGroup;
			children = (
				E81ECF8723D2F64400647D0E /* DownloadManager */,
				E81ECF6823C7843500647D0E /* res.json */,
				E89F770324010D5B00F83C05 /* homePage.json */,
				E8FC027823BCF38900CB1FCA /* GlobalDefines.h */,
				E8E2070523BE013E0072A144 /* BaseUI */,
				E89F76F923FFE1CD00F83C05 /* Category */,
				E8FC024D23BC5DC500CB1FCA /* LorreryNavigationController */,
				E8024FDC23B4789F00DC035C /* LotteryTabBarVC */,
				E877B2AE23B4C2AB003D13E5 /* ViewController */,
				E8024FE423B4A1C700DC035C /* HomePageViewController */,
				E8024FE523B4A1E000DC035C /* LotteryServiceViewController */,
				E8FC025A23BC765A00CB1FCA /* GamesViewController */,
				E8024FE023B4A15E00DC035C /* MineViewController */,
				E84E5B2C23BF8810008D3C9A /* CommunalViewController */,
				E8CF485623B3CFDD0081BE1F /* AppDelegate.h */,
				E8CF485723B3CFDD0081BE1F /* AppDelegate.m */,
				E8CF485923B3CFDD0081BE1F /* SceneDelegate.h */,
				E8CF485A23B3CFDD0081BE1F /* SceneDelegate.m */,
				E8CF485C23B3CFDD0081BE1F /* ViewController.h */,
				E8CF485D23B3CFDD0081BE1F /* ViewController.m */,
				E8CF485F23B3CFDD0081BE1F /* Main.storyboard */,
				E8CF486223B3CFDE0081BE1F /* Assets.xcassets */,
				E8CF486423B3CFDE0081BE1F /* LaunchScreen.storyboard */,
				E8CF486723B3CFDE0081BE1F /* Info.plist */,
				E8CF486823B3CFDE0081BE1F /* main.m */,
			);
			path = Lottery;
			sourceTree = "<group>";
		};
		E8CF487123B3CFDE0081BE1F /* LotteryTests */ = {
			isa = PBXGroup;
			children = (
				E8CF487223B3CFDE0081BE1F /* LotteryTests.m */,
				E8CF487423B3CFDE0081BE1F /* Info.plist */,
			);
			path = LotteryTests;
			sourceTree = "<group>";
		};
		E8CF487C23B3CFDE0081BE1F /* LotteryUITests */ = {
			isa = PBXGroup;
			children = (
				E8CF487D23B3CFDE0081BE1F /* LotteryUITests.m */,
				E8CF487F23B3CFDE0081BE1F /* Info.plist */,
			);
			path = LotteryUITests;
			sourceTree = "<group>";
		};
		E8E2070523BE013E0072A144 /* BaseUI */ = {
			isa = PBXGroup;
			children = (
				E8E2070223BDEDCF0072A144 /* LotteryBannerView.h */,
				E8E2070323BDEDCF0072A144 /* LotteryBannerView.m */,
				E89F76FA23FFE22B00F83C05 /* LotteryRefreshHeaderView.h */,
				E89F76FB23FFE22B00F83C05 /* LotteryRefreshHeaderView.m */,
				E89F76FD23FFE31400F83C05 /* LotteryRefreshFooterView.h */,
				E89F76FE23FFE31400F83C05 /* LotteryRefreshFooterView.m */,
			);
			path = BaseUI;
			sourceTree = "<group>";
		};
		E8F5163B23B4710E005F3147 /* Frameworks */ = {
			isa = PBXGroup;
			children = (
				E81ECF6D23C8BE0700647D0E /* AFNetworking.framework */,
				E8E206C623BDC3F60072A144 /* MJRefresh.framework */,
				E8E206C323BDC3C30072A144 /* MJRefresh.framework */,
				E8F5163C23B4710E005F3147 /* Masonry.framework */,
			);
			name = Frameworks;
			sourceTree = "<group>";
		};
		E8FC024D23BC5DC500CB1FCA /* LorreryNavigationController */ = {
			isa = PBXGroup;
			children = (
				E8FC024E23BC5E1900CB1FCA /* LotteryNavigationController.h */,
				E8FC024F23BC5E1900CB1FCA /* LotteryNavigationController.m */,
			);
			path = LorreryNavigationController;
			sourceTree = "<group>";
		};
		E8FC025A23BC765A00CB1FCA /* GamesViewController */ = {
			isa = PBXGroup;
			children = (
				E8FC025B23BC769900CB1FCA /* GamesViewController.h */,
				E8FC025C23BC769900CB1FCA /* GamesViewController.m */,
			);
			path = GamesViewController;
			sourceTree = "<group>";
		};
/* End PBXGroup section */

/* Begin PBXNativeTarget section */
		E8CF485223B3CFDD0081BE1F /* Lottery */ = {
			isa = PBXNativeTarget;
			buildConfigurationList = E8CF488223B3CFDE0081BE1F /* Build configuration list for PBXNativeTarget "Lottery" */;
			buildPhases = (
				E8CF484F23B3CFDD0081BE1F /* Sources */,
				E8CF485023B3CFDD0081BE1F /* Frameworks */,
				E8CF485123B3CFDD0081BE1F /* Resources */,
				E8FC027623BCE6C100CB1FCA /* ShellScript */,
				E883BFA623FD53F000948334 /* Embed Frameworks */,
			);
			buildRules = (
			);
			dependencies = (
			);
			name = Lottery;
			productName = Lottery;
			productReference = E8CF485323B3CFDD0081BE1F /* 欢乐彩票.app */;
			productType = "com.apple.product-type.application";
		};
		E8CF486D23B3CFDE0081BE1F /* LotteryTests */ = {
			isa = PBXNativeTarget;
			buildConfigurationList = E8CF488523B3CFDE0081BE1F /* Build configuration list for PBXNativeTarget "LotteryTests" */;
			buildPhases = (
				E8CF486A23B3CFDE0081BE1F /* Sources */,
				E8CF486B23B3CFDE0081BE1F /* Frameworks */,
				E8CF486C23B3CFDE0081BE1F /* Resources */,
			);
			buildRules = (
			);
			dependencies = (
				E8CF487023B3CFDE0081BE1F /* PBXTargetDependency */,
			);
			name = LotteryTests;
			productName = LotteryTests;
			productReference = E8CF486E23B3CFDE0081BE1F /* LotteryTests.xctest */;
			productType = "com.apple.product-type.bundle.unit-test";
		};
		E8CF487823B3CFDE0081BE1F /* LotteryUITests */ = {
			isa = PBXNativeTarget;
			buildConfigurationList = E8CF488823B3CFDE0081BE1F /* Build configuration list for PBXNativeTarget "LotteryUITests" */;
			buildPhases = (
				E8CF487523B3CFDE0081BE1F /* Sources */,
				E8CF487623B3CFDE0081BE1F /* Frameworks */,
				E8CF487723B3CFDE0081BE1F /* Resources */,
			);
			buildRules = (
			);
			dependencies = (
				E8CF487B23B3CFDE0081BE1F /* PBXTargetDependency */,
			);
			name = LotteryUITests;
			productName = LotteryUITests;
			productReference = E8CF487923B3CFDE0081BE1F /* LotteryUITests.xctest */;
			productType = "com.apple.product-type.bundle.ui-testing";
		};
/* End PBXNativeTarget section */

/* Begin PBXProject section */
		E8CF484B23B3CFDD0081BE1F /* Project object */ = {
			isa = PBXProject;
			attributes = {
				LastUpgradeCheck = 1130;
				ORGANIZATIONNAME = wangjingming;
				TargetAttributes = {
					E8CF485223B3CFDD0081BE1F = {
						CreatedOnToolsVersion = 11.3;
					};
					E8CF486D23B3CFDE0081BE1F = {
						CreatedOnToolsVersion = 11.3;
						TestTargetID = E8CF485223B3CFDD0081BE1F;
					};
					E8CF487823B3CFDE0081BE1F = {
						CreatedOnToolsVersion = 11.3;
						TestTargetID = E8CF485223B3CFDD0081BE1F;
					};
				};
			};
			buildConfigurationList = E8CF484E23B3CFDD0081BE1F /* Build configuration list for PBXProject "Lottery" */;
			compatibilityVersion = "Xcode 9.3";
			developmentRegion = en;
			hasScannedForEncodings = 0;
			knownRegions = (
				en,
				Base,
			);
			mainGroup = E8CF484A23B3CFDD0081BE1F;
			productRefGroup = E8CF485423B3CFDD0081BE1F /* Products */;
			projectDirPath = "";
			projectRoot = "";
			targets = (
				E8CF485223B3CFDD0081BE1F /* Lottery */,
				E8CF486D23B3CFDE0081BE1F /* LotteryTests */,
				E8CF487823B3CFDE0081BE1F /* LotteryUITests */,
			);
		};
/* End PBXProject section */

/* Begin PBXResourcesBuildPhase section */
		E8CF485123B3CFDD0081BE1F /* Resources */ = {
			isa = PBXResourcesBuildPhase;
			buildActionMask = 2147483647;
			files = (
				E89F770424010D5C00F83C05 /* homePage.json in Resources */,
				E8CF486623B3CFDE0081BE1F /* LaunchScreen.storyboard in Resources */,
				E8CF486323B3CFDE0081BE1F /* Assets.xcassets in Resources */,
				E81ECF6923C7843600647D0E /* res.json in Resources */,
				E8CF486123B3CFDD0081BE1F /* Main.storyboard in Resources */,
			);
			runOnlyForDeploymentPostprocessing = 0;
		};
		E8CF486C23B3CFDE0081BE1F /* Resources */ = {
			isa = PBXResourcesBuildPhase;
			buildActionMask = 2147483647;
			files = (
			);
			runOnlyForDeploymentPostprocessing = 0;
		};
		E8CF487723B3CFDE0081BE1F /* Resources */ = {
			isa = PBXResourcesBuildPhase;
			buildActionMask = 2147483647;
			files = (
			);
			runOnlyForDeploymentPostprocessing = 0;
		};
/* End PBXResourcesBuildPhase section */

/* Begin PBXShellScriptBuildPhase section */
		E8FC027623BCE6C100CB1FCA /* ShellScript */ = {
			isa = PBXShellScriptBuildPhase;
			buildActionMask = 2147483647;
			files = (
			);
			inputFileListPaths = (
			);
			inputPaths = (
			);
			outputFileListPaths = (
			);
			outputPaths = (
			);
			runOnlyForDeploymentPostprocessing = 0;
			shellPath = /bin/sh;
			shellScript = "$SRCROOT/build-run-script/copy-files.sh\n";
		};
/* End PBXShellScriptBuildPhase section */

/* Begin PBXSourcesBuildPhase section */
		E8CF484F23B3CFDD0081BE1F /* Sources */ = {
			isa = PBXSourcesBuildPhase;
			buildActionMask = 2147483647;
			files = (
				E8E44A6023C4F10300FDDC56 /* ProvinceListViewController.m in Sources */,
				E81ECF7F23CF5C7600647D0E /* UITableView+HYBCacheHeight.m in Sources */,
				E89F770D24011BD700F83C05 /* LottoryConvenientServiceModel.m in Sources */,
				E8024FEB23B4A2C500DC035C /* HomePageViewController.m in Sources */,
				E8E206CE23BDD5F90072A144 /* BaseCollectionViewCell.m in Sources */,
				E89F76FC23FFE22B00F83C05 /* LotteryRefreshHeaderView.m in Sources */,
				E81ECF8A23D2F6DF00647D0E /* NewsDownloadManager.m in Sources */,
				E8E44A6923C61A5600FDDC56 /* HPVCNewsListView.m in Sources */,
				E81ECF6C23C7848100647D0E /* LottoryNewsModel.m in Sources */,
				E8CF485E23B3CFDD0081BE1F /* ViewController.m in Sources */,
				E8E206D123BDE3410072A144 /* HPVCHeaderView.m in Sources */,
				E853DEDA23BF35C2004686BB /* UIImageView+AddImage.m in Sources */,
				E8E44A6323C600E800FDDC56 /* NewsViewController.m in Sources */,
				E8FC025023BC5E1900CB1FCA /* LotteryNavigationController.m in Sources */,
				E89F77022401097600F83C05 /* HomePageDownloadManager.m in Sources */,
				E8E501E423BF6146009777E7 /* HPVCConvenientServiceView.m in Sources */,
				E8FC025D23BC769900CB1FCA /* GamesViewController.m in Sources */,
				E81ECF7923CA26DC00647D0E /* UINavigationController+Cloudox.m in Sources */,
				E84E5B2B23BF8802008D3C9A /* CalculatorViewController.m in Sources */,
				E81ECF7323C9A3A300647D0E /* WebViewController.m in Sources */,
				E8E44A6623C6016600FDDC56 /* NewsCollectionViewCell.m in Sources */,
				E8E44A5123C1F5A900FDDC56 /* LotteryStationViewController.m in Sources */,
				E89F770A24011BCA00F83C05 /* LottoryBannerModel.m in Sources */,
				E84E5B4023C1C3AD008D3C9A /* LSVCLotteryWinningView.m in Sources */,
				E81ECF8D23D2F8C100647D0E /* HttpManager.m in Sources */,
				E8E2070423BDEDCF0072A144 /* LotteryBannerView.m in Sources */,
				E8A6665523C1C68C009F3F32 /* LottoryWinningModel.mm in Sources */,
				E8CF485823B3CFDD0081BE1F /* AppDelegate.m in Sources */,
				E89F76FF23FFE31400F83C05 /* LotteryRefreshFooterView.m in Sources */,
				E8CF486923B3CFDE0081BE1F /* main.m in Sources */,
				E8024FE323B4A1AA00DC035C /* MineViewController.m in Sources */,
				E8E44A5723C1F5E800FDDC56 /* ImitationLotteryViewController.m in Sources */,
				E81ECF8023CF5C7600647D0E /* UITableViewCell+HYBMasonryAutoCellHeight.m in Sources */,
				E8CF485B23B3CFDD0081BE1F /* SceneDelegate.m in Sources */,
				E877B2B423B4C4D9003D13E5 /* BaseUIViewController.m in Sources */,
				E8E44A5A23C2248900FDDC56 /* LotteryPastPeriodViewController.m in Sources */,
				E8024FDF23B4792000DC035C /* LotteryTabBarViewController.m in Sources */,
				E8E44A5D23C225F100FDDC56 /* HPVCWinningListView.m in Sources */,
				E81ECF7A23CA26DC00647D0E /* UIViewController+Cloudox.m in Sources */,
				E8E44A5423C1F5BD00FDDC56 /* TrendChartViewController.m in Sources */,
				E8E2070E23BE150A0072A144 /* UIView+Color.m in Sources */,
				E8024FE823B4A2B000DC035C /* LotteryServiceViewController.m in Sources */,
				E81ECF9023D2FA9C00647D0E /* LottoryDownloadManager.mm in Sources */,
			);
			runOnlyForDeploymentPostprocessing = 0;
		};
		E8CF486A23B3CFDE0081BE1F /* Sources */ = {
			isa = PBXSourcesBuildPhase;
			buildActionMask = 2147483647;
			files = (
				E8CF487323B3CFDE0081BE1F /* LotteryTests.m in Sources */,
			);
			runOnlyForDeploymentPostprocessing = 0;
		};
		E8CF487523B3CFDE0081BE1F /* Sources */ = {
			isa = PBXSourcesBuildPhase;
			buildActionMask = 2147483647;
			files = (
				E8CF487E23B3CFDE0081BE1F /* LotteryUITests.m in Sources */,
			);
			runOnlyForDeploymentPostprocessing = 0;
		};
/* End PBXSourcesBuildPhase section */

/* Begin PBXTargetDependency section */
		E8CF487023B3CFDE0081BE1F /* PBXTargetDependency */ = {
			isa = PBXTargetDependency;
			target = E8CF485223B3CFDD0081BE1F /* Lottery */;
			targetProxy = E8CF486F23B3CFDE0081BE1F /* PBXContainerItemProxy */;
		};
		E8CF487B23B3CFDE0081BE1F /* PBXTargetDependency */ = {
			isa = PBXTargetDependency;
			target = E8CF485223B3CFDD0081BE1F /* Lottery */;
			targetProxy = E8CF487A23B3CFDE0081BE1F /* PBXContainerItemProxy */;
		};
/* End PBXTargetDependency section */

/* Begin PBXVariantGroup section */
		E8CF485F23B3CFDD0081BE1F /* Main.storyboard */ = {
			isa = PBXVariantGroup;
			children = (
				E8CF486023B3CFDD0081BE1F /* Base */,
			);
			name = Main.storyboard;
			sourceTree = "<group>";
		};
		E8CF486423B3CFDE0081BE1F /* LaunchScreen.storyboard */ = {
			isa = PBXVariantGroup;
			children = (
				E8CF486523B3CFDE0081BE1F /* Base */,
			);
			name = LaunchScreen.storyboard;
			sourceTree = "<group>";
		};
/* End PBXVariantGroup section */

/* Begin XCBuildConfiguration section */
		E8CF488023B3CFDE0081BE1F /* Debug */ = {
			isa = XCBuildConfiguration;
			buildSettings = {
				ALWAYS_SEARCH_USER_PATHS = NO;
				CLANG_ANALYZER_NONNULL = YES;
				CLANG_ANALYZER_NUMBER_OBJECT_CONVERSION = YES_AGGRESSIVE;
				CLANG_CXX_LANGUAGE_STANDARD = "gnu++14";
				CLANG_CXX_LIBRARY = "libc++";
				CLANG_ENABLE_MODULES = YES;
				CLANG_ENABLE_OBJC_ARC = YES;
				CLANG_ENABLE_OBJC_WEAK = YES;
				CLANG_WARN_BLOCK_CAPTURE_AUTORELEASING = YES;
				CLANG_WARN_BOOL_CONVERSION = YES;
				CLANG_WARN_COMMA = YES;
				CLANG_WARN_CONSTANT_CONVERSION = YES;
				CLANG_WARN_DEPRECATED_OBJC_IMPLEMENTATIONS = YES;
				CLANG_WARN_DIRECT_OBJC_ISA_USAGE = YES_ERROR;
				CLANG_WARN_DOCUMENTATION_COMMENTS = YES;
				CLANG_WARN_EMPTY_BODY = YES;
				CLANG_WARN_ENUM_CONVERSION = YES;
				CLANG_WARN_INFINITE_RECURSION = YES;
				CLANG_WARN_INT_CONVERSION = YES;
				CLANG_WARN_NON_LITERAL_NULL_CONVERSION = YES;
				CLANG_WARN_OBJC_IMPLICIT_RETAIN_SELF = YES;
				CLANG_WARN_OBJC_LITERAL_CONVERSION = YES;
				CLANG_WARN_OBJC_ROOT_CLASS = YES_ERROR;
				CLANG_WARN_RANGE_LOOP_ANALYSIS = YES;
				CLANG_WARN_STRICT_PROTOTYPES = YES;
				CLANG_WARN_SUSPICIOUS_MOVE = YES;
				CLANG_WARN_UNGUARDED_AVAILABILITY = YES_AGGRESSIVE;
				CLANG_WARN_UNREACHABLE_CODE = YES;
				CLANG_WARN__DUPLICATE_METHOD_MATCH = YES;
				COPY_PHASE_STRIP = NO;
				DEBUG_INFORMATION_FORMAT = dwarf;
				ENABLE_STRICT_OBJC_MSGSEND = YES;
				ENABLE_TESTABILITY = YES;
				GCC_C_LANGUAGE_STANDARD = gnu11;
				GCC_DYNAMIC_NO_PIC = NO;
				GCC_NO_COMMON_BLOCKS = YES;
				GCC_OPTIMIZATION_LEVEL = 0;
				GCC_PREPROCESSOR_DEFINITIONS = (
					"DEBUG=1",
					"$(inherited)",
				);
				GCC_WARN_64_TO_32_BIT_CONVERSION = YES;
				GCC_WARN_ABOUT_RETURN_TYPE = YES_ERROR;
				GCC_WARN_UNDECLARED_SELECTOR = YES;
				GCC_WARN_UNINITIALIZED_AUTOS = YES_AGGRESSIVE;
				GCC_WARN_UNUSED_FUNCTION = YES;
				GCC_WARN_UNUSED_VARIABLE = YES;
				IPHONEOS_DEPLOYMENT_TARGET = 13.2;
				MTL_ENABLE_DEBUG_INFO = INCLUDE_SOURCE;
				MTL_FAST_MATH = YES;
				ONLY_ACTIVE_ARCH = YES;
				PRODUCT_BUNDLE_IDENTIFIER = com.wangjingming.Lottery;
				PRODUCT_MODULE_NAME = com.wangjingming.Lottery;
				PRODUCT_NAME = "欢乐彩票";
				SDKROOT = iphoneos;
			};
			name = Debug;
		};
		E8CF488123B3CFDE0081BE1F /* Release */ = {
			isa = XCBuildConfiguration;
			buildSettings = {
				ALWAYS_SEARCH_USER_PATHS = NO;
				CLANG_ANALYZER_NONNULL = YES;
				CLANG_ANALYZER_NUMBER_OBJECT_CONVERSION = YES_AGGRESSIVE;
				CLANG_CXX_LANGUAGE_STANDARD = "gnu++14";
				CLANG_CXX_LIBRARY = "libc++";
				CLANG_ENABLE_MODULES = YES;
				CLANG_ENABLE_OBJC_ARC = YES;
				CLANG_ENABLE_OBJC_WEAK = YES;
				CLANG_WARN_BLOCK_CAPTURE_AUTORELEASING = YES;
				CLANG_WARN_BOOL_CONVERSION = YES;
				CLANG_WARN_COMMA = YES;
				CLANG_WARN_CONSTANT_CONVERSION = YES;
				CLANG_WARN_DEPRECATED_OBJC_IMPLEMENTATIONS = YES;
				CLANG_WARN_DIRECT_OBJC_ISA_USAGE = YES_ERROR;
				CLANG_WARN_DOCUMENTATION_COMMENTS = YES;
				CLANG_WARN_EMPTY_BODY = YES;
				CLANG_WARN_ENUM_CONVERSION = YES;
				CLANG_WARN_INFINITE_RECURSION = YES;
				CLANG_WARN_INT_CONVERSION = YES;
				CLANG_WARN_NON_LITERAL_NULL_CONVERSION = YES;
				CLANG_WARN_OBJC_IMPLICIT_RETAIN_SELF = YES;
				CLANG_WARN_OBJC_LITERAL_CONVERSION = YES;
				CLANG_WARN_OBJC_ROOT_CLASS = YES_ERROR;
				CLANG_WARN_RANGE_LOOP_ANALYSIS = YES;
				CLANG_WARN_STRICT_PROTOTYPES = YES;
				CLANG_WARN_SUSPICIOUS_MOVE = YES;
				CLANG_WARN_UNGUARDED_AVAILABILITY = YES_AGGRESSIVE;
				CLANG_WARN_UNREACHABLE_CODE = YES;
				CLANG_WARN__DUPLICATE_METHOD_MATCH = YES;
				COPY_PHASE_STRIP = NO;
				DEBUG_INFORMATION_FORMAT = "dwarf-with-dsym";
				ENABLE_NS_ASSERTIONS = NO;
				ENABLE_STRICT_OBJC_MSGSEND = YES;
				GCC_C_LANGUAGE_STANDARD = gnu11;
				GCC_NO_COMMON_BLOCKS = YES;
				GCC_WARN_64_TO_32_BIT_CONVERSION = YES;
				GCC_WARN_ABOUT_RETURN_TYPE = YES_ERROR;
				GCC_WARN_UNDECLARED_SELECTOR = YES;
				GCC_WARN_UNINITIALIZED_AUTOS = YES_AGGRESSIVE;
				GCC_WARN_UNUSED_FUNCTION = YES;
				GCC_WARN_UNUSED_VARIABLE = YES;
				IPHONEOS_DEPLOYMENT_TARGET = 13.2;
				MTL_ENABLE_DEBUG_INFO = NO;
				MTL_FAST_MATH = YES;
				PRODUCT_BUNDLE_IDENTIFIER = com.wangjingming.Lottery;
				PRODUCT_MODULE_NAME = com.wangjingming.Lottery;
				PRODUCT_NAME = "欢乐彩票";
				SDKROOT = iphoneos;
				VALIDATE_PRODUCT = YES;
			};
			name = Release;
		};
		E8CF488323B3CFDE0081BE1F /* Debug */ = {
			isa = XCBuildConfiguration;
			buildSettings = {
				ASSETCATALOG_COMPILER_APPICON_NAME = AppIcon;
				CODE_SIGN_STYLE = Automatic;
				DEVELOPMENT_TEAM = 9T3SMZB4XW;
				HEADER_SEARCH_PATHS = (
					../Vendor/Masonry/Masonry,
					../Vendor/AFNetworking/AFNetworking,
					"../Vendor/AFNetworking/UIKit+AFNetworking",
					../Vendor/MJRefresh/MJRefresh,
					../Vendor/MJRefresh/MJRefresh/Base,
					../Vendor/MJRefresh/MJRefresh/Custom/Footer/Auto,
					../Vendor/MJRefresh/MJRefresh/Custom/Footer/Back,
					../Vendor/MJRefresh/MJRefresh/Custom/Header,
				);
				INFOPLIST_FILE = Lottery/Info.plist;
				IPHONEOS_DEPLOYMENT_TARGET = 10.0;
				LD_RUNPATH_SEARCH_PATHS = (
					"$(inherited)",
					"@executable_path/Frameworks",
				);
				OTHER_LDFLAGS = "";
				PRODUCT_BUNDLE_IDENTIFIER = com.wangjingming.Lottery;
				PRODUCT_MODULE_NAME = com.wangjingming.Lottery;
				PRODUCT_NAME = "欢乐彩票";
				TARGETED_DEVICE_FAMILY = "1,2";
			};
			name = Debug;
		};
		E8CF488423B3CFDE0081BE1F /* Release */ = {
			isa = XCBuildConfiguration;
			buildSettings = {
				ASSETCATALOG_COMPILER_APPICON_NAME = AppIcon;
				CODE_SIGN_STYLE = Automatic;
				DEVELOPMENT_TEAM = 9T3SMZB4XW;
				HEADER_SEARCH_PATHS = (
					../Vendor/Masonry/Masonry,
					../Vendor/AFNetworking/AFNetworking,
					"../Vendor/AFNetworking/UIKit+AFNetworking",
					../Vendor/MJRefresh/MJRefresh,
					../Vendor/MJRefresh/MJRefresh/Base,
					../Vendor/MJRefresh/MJRefresh/Custom/Footer/Auto,
					../Vendor/MJRefresh/MJRefresh/Custom/Footer/Back,
					../Vendor/MJRefresh/MJRefresh/Custom/Header,
				);
				INFOPLIST_FILE = Lottery/Info.plist;
				IPHONEOS_DEPLOYMENT_TARGET = 10.0;
				LD_RUNPATH_SEARCH_PATHS = (
					"$(inherited)",
					"@executable_path/Frameworks",
				);
				OTHER_LDFLAGS = "";
				PRODUCT_BUNDLE_IDENTIFIER = com.wangjingming.Lottery;
				PRODUCT_MODULE_NAME = com.wangjingming.Lottery;
				PRODUCT_NAME = "欢乐彩票";
				TARGETED_DEVICE_FAMILY = "1,2";
			};
			name = Release;
		};
		E8CF488623B3CFDE0081BE1F /* Debug */ = {
			isa = XCBuildConfiguration;
			buildSettings = {
				BUNDLE_LOADER = "$(TEST_HOST)";
				CODE_SIGN_STYLE = Automatic;
				INFOPLIST_FILE = LotteryTests/Info.plist;
				IPHONEOS_DEPLOYMENT_TARGET = 13.2;
				LD_RUNPATH_SEARCH_PATHS = (
					"$(inherited)",
					"@executable_path/Frameworks",
					"@loader_path/Frameworks",
				);
				PRODUCT_BUNDLE_IDENTIFIER = com.wangjingming.LotteryTests;
				PRODUCT_MODULE_NAME = com.wangjingming.LotteryTests;
				PRODUCT_NAME = "$(TARGET_NAME)";
				TARGETED_DEVICE_FAMILY = "1,2";
				TEST_HOST = "$(BUILT_PRODUCTS_DIR)/Lottery.app/Lottery";
			};
			name = Debug;
		};
		E8CF488723B3CFDE0081BE1F /* Release */ = {
			isa = XCBuildConfiguration;
			buildSettings = {
				BUNDLE_LOADER = "$(TEST_HOST)";
				CODE_SIGN_STYLE = Automatic;
				INFOPLIST_FILE = LotteryTests/Info.plist;
				IPHONEOS_DEPLOYMENT_TARGET = 13.2;
				LD_RUNPATH_SEARCH_PATHS = (
					"$(inherited)",
					"@executable_path/Frameworks",
					"@loader_path/Frameworks",
				);
				PRODUCT_BUNDLE_IDENTIFIER = com.wangjingming.LotteryTests;
				PRODUCT_MODULE_NAME = com.wangjingming.LotteryTests;
				PRODUCT_NAME = "$(TARGET_NAME)";
				TARGETED_DEVICE_FAMILY = "1,2";
				TEST_HOST = "$(BUILT_PRODUCTS_DIR)/Lottery.app/Lottery";
			};
			name = Release;
		};
		E8CF488923B3CFDE0081BE1F /* Debug */ = {
			isa = XCBuildConfiguration;
			buildSettings = {
				CODE_SIGN_STYLE = Automatic;
				INFOPLIST_FILE = LotteryUITests/Info.plist;
				LD_RUNPATH_SEARCH_PATHS = (
					"$(inherited)",
					"@executable_path/Frameworks",
					"@loader_path/Frameworks",
				);
				PRODUCT_BUNDLE_IDENTIFIER = com.wangjingming.LotteryUITests;
				PRODUCT_MODULE_NAME = com.wangjingming.LotteryUITests;
				PRODUCT_NAME = "$(TARGET_NAME)";
				TARGETED_DEVICE_FAMILY = "1,2";
				TEST_TARGET_NAME = Lottery;
			};
			name = Debug;
		};
		E8CF488A23B3CFDE0081BE1F /* Release */ = {
			isa = XCBuildConfiguration;
			buildSettings = {
				CODE_SIGN_STYLE = Automatic;
				INFOPLIST_FILE = LotteryUITests/Info.plist;
				LD_RUNPATH_SEARCH_PATHS = (
					"$(inherited)",
					"@executable_path/Frameworks",
					"@loader_path/Frameworks",
				);
				PRODUCT_BUNDLE_IDENTIFIER = com.wangjingming.LotteryUITests;
				PRODUCT_MODULE_NAME = com.wangjingming.LotteryUITests;
				PRODUCT_NAME = "$(TARGET_NAME)";
				TARGETED_DEVICE_FAMILY = "1,2";
				TEST_TARGET_NAME = Lottery;
			};
			name = Release;
		};
/* End XCBuildConfiguration section */

/* Begin XCConfigurationList section */
		E8CF484E23B3CFDD0081BE1F /* Build configuration list for PBXProject "Lottery" */ = {
			isa = XCConfigurationList;
			buildConfigurations = (
				E8CF488023B3CFDE0081BE1F /* Debug */,
				E8CF488123B3CFDE0081BE1F /* Release */,
			);
			defaultConfigurationIsVisible = 0;
			defaultConfigurationName = Release;
		};
		E8CF488223B3CFDE0081BE1F /* Build configuration list for PBXNativeTarget "Lottery" */ = {
			isa = XCConfigurationList;
			buildConfigurations = (
				E8CF488323B3CFDE0081BE1F /* Debug */,
				E8CF488423B3CFDE0081BE1F /* Release */,
			);
			defaultConfigurationIsVisible = 0;
			defaultConfigurationName = Release;
		};
		E8CF488523B3CFDE0081BE1F /* Build configuration list for PBXNativeTarget "LotteryTests" */ = {
			isa = XCConfigurationList;
			buildConfigurations = (
				E8CF488623B3CFDE0081BE1F /* Debug */,
				E8CF488723B3CFDE0081BE1F /* Release */,
			);
			defaultConfigurationIsVisible = 0;
			defaultConfigurationName = Release;
		};
		E8CF488823B3CFDE0081BE1F /* Build configuration list for PBXNativeTarget "LotteryUITests" */ = {
			isa = XCConfigurationList;
			buildConfigurations = (
				E8CF488923B3CFDE0081BE1F /* Debug */,
				E8CF488A23B3CFDE0081BE1F /* Release */,
			);
			defaultConfigurationIsVisible = 0;
			defaultConfigurationName = Release;
		};
/* End XCConfigurationList section */
	};
	rootObject = E8CF484B23B3CFDD0081BE1F /* Project object */;
}
